
Microsoft Visual Studio Solution File, Format Version 12.00
# Visual Studio Version 17
VisualStudioVersion = 17.14.36301.6 d17.14
MinimumVisualStudioVersion = 10.0.40219.1
Project("{FAE04EC0-301F-11D3-BF4B-00C04F79EFBC}") = "AssignmentEF01_core", "AssignmentEF01_core\AssignmentEF01_core.csproj", "{CBE88D88-2FB5-4980-B4A7-45BDCC8A76DD}"
EndProject
Global
	GlobalSection(SolutionConfigurationPlatforms) = preSolution
		Debug|Any CPU = Debug|Any CPU
		Release|Any CPU = Release|Any CPU
	EndGlobalSection
	GlobalSection(ProjectConfigurationPlatforms) = postSolution
		{CBE88D88-2FB5-4980-B4A7-45BDCC8A76DD}.Debug|Any CPU.ActiveCfg = Debug|Any CPU
		{CBE88D88-2FB5-4980-B4A7-45BDCC8A76DD}.Debug|Any CPU.Build.0 = Debug|Any CPU
		{CBE88D88-2FB5-4980-B4A7-45BDCC8A76DD}.Release|Any CPU.ActiveCfg = Release|Any CPU
		{CBE88D88-2FB5-4980-B4A7-45BDCC8A76DD}.Release|Any CPU.Build.0 = Release|Any CPU
	EndGlobalSection
	GlobalSection(SolutionProperties) = preSolution
		HideSolutionNode = FALSE
	EndGlobalSection
	GlobalSection(ExtensibilityGlobals) = postSolution
		SolutionGuid = {4C180DB9-D49C-4C7C-8254-222C74B1D5E7}
	EndGlobalSection
EndGlobal
